
Microsoft Visual Studio Solution File, Format Version 12.00
# Visual Studio 15
VisualStudioVersion = 15.0.27703.2026
MinimumVisualStudioVersion = 10.0.40219.1
Project("{9A19103F-16F7-4668-BE54-9A1E7A4F7556}") = "Jin.FileServer", "Jin.FileServer\Jin.FileServer.csproj", "{57BA7AE4-02B8-4B38-8555-E2F0949FE799}"
EndProject
Project("{9A19103F-16F7-4668-BE54-9A1E7A4F7556}") = "FileServer", "FileServer\FileServer.csproj", "{F17E9CEC-7214-494D-88A9-2640459AF0A6}"
EndProject
Global
	GlobalSection(SolutionConfigurationPlatforms) = preSolution
		Debug|Any CPU = Debug|Any CPU
		Release|Any CPU = Release|Any CPU
	EndGlobalSection
	GlobalSection(ProjectConfigurationPlatforms) = postSolution
		{57BA7AE4-02B8-4B38-8555-E2F0949FE799}.Debug|Any CPU.ActiveCfg = Debug|Any CPU
		{57BA7AE4-02B8-4B38-8555-E2F0949FE799}.Debug|Any CPU.Build.0 = Debug|Any CPU
		{57BA7AE4-02B8-4B38-8555-E2F0949FE799}.Release|Any CPU.ActiveCfg = Release|Any CPU
		{57BA7AE4-02B8-4B38-8555-E2F0949FE799}.Release|Any CPU.Build.0 = Release|Any CPU
		{F17E9CEC-7214-494D-88A9-2640459AF0A6}.Debug|Any CPU.ActiveCfg = Debug|Any CPU
		{F17E9CEC-7214-494D-88A9-2640459AF0A6}.Debug|Any CPU.Build.0 = Debug|Any CPU
		{F17E9CEC-7214-494D-88A9-2640459AF0A6}.Release|Any CPU.ActiveCfg = Release|Any CPU
		{F17E9CEC-7214-494D-88A9-2640459AF0A6}.Release|Any CPU.Build.0 = Release|Any CPU
	EndGlobalSection
	GlobalSection(SolutionProperties) = preSolution
		HideSolutionNode = FALSE
	EndGlobalSection
	GlobalSection(ExtensibilityGlobals) = postSolution
		SolutionGuid = {2EA989F7-1F20-4DA4-8F18-AC8031F1F0AD}
	EndGlobalSection
EndGlobal
